// !$*UTF8*$!
{
	archiveVersion = 1;
	classes = {
	};
	objectVersion = 46;
	objects = {

/* Begin PBXBuildFile section */
		4192F9601A4F04F5008C991E /* logo.png in Resources */ = {isa = PBXBuildFile; fileRef = 4192F95E1A4F04F5008C991E /* logo.png */; };
		4192F9611A4F04F5008C991E /* sfondo.png in Resources */ = {isa = PBXBuildFile; fileRef = 4192F95F1A4F04F5008C991E /* sfondo.png */; };
		41EC89A61A4DC086005A082E /* main.m in Sources */ = {isa = PBXBuildFile; fileRef = 41EC89A51A4DC086005A082E /* main.m */; };
		41EC89A91A4DC086005A082E /* AppDelegate.m in Sources */ = {isa = PBXBuildFile; fileRef = 41EC89A81A4DC086005A082E /* AppDelegate.m */; };
		41EC89AC1A4DC086005A082E /* ViewController.m in Sources */ = {isa = PBXBuildFile; fileRef = 41EC89AB1A4DC086005A082E /* ViewController.m */; };
		41EC89AF1A4DC087005A082E /* Main.storyboard in Resources */ = {isa = PBXBuildFile; fileRef = 41EC89AD1A4DC087005A082E /* Main.storyboard */; };
		41EC89B11A4DC088005A082E /* Images.xcassets in Resources */ = {isa = PBXBuildFile; fileRef = 41EC89B01A4DC088005A082E /* Images.xcassets */; };
		41EC89B41A4DC088005A082E /* LaunchScreen.xib in Resources */ = {isa = PBXBuildFile; fileRef = 41EC89B21A4DC088005A082E /* LaunchScreen.xib */; };
		41EC89C01A4DC089005A082E /* I_COSMETICSTests.m in Sources */ = {isa = PBXBuildFile; fileRef = 41EC89BF1A4DC089005A082E /* I_COSMETICSTests.m */; };
/* End PBXBuildFile section */

/* Begin PBXContainerItemProxy section */
		41EC89BA1A4DC088005A082E /* PBXContainerItemProxy */ = {
			isa = PBXContainerItemProxy;
			containerPortal = 41EC89981A4DC084005A082E /* Project object */;
			proxyType = 1;
			remoteGlobalIDString = 41EC899F1A4DC085005A082E;
			remoteInfo = "I-COSMETICS";
		};
/* End PBXContainerItemProxy section */

/* Begin PBXFileReference section */
		4192F95E1A4F04F5008C991E /* logo.png */ = {isa = PBXFileReference; lastKnownFileType = image.png; path = logo.png; sourceTree = "<group>"; };
		4192F95F1A4F04F5008C991E /* sfondo.png */ = {isa = PBXFileReference; lastKnownFileType = image.png; path = sfondo.png; sourceTree = "<group>"; };
		41EC89A01A4DC085005A082E /* I-COSMETICS.app */ = {isa = PBXFileReference; explicitFileType = wrapper.application; includeInIndex = 0; path = "I-COSMETICS.app"; sourceTree = BUILT_PRODUCTS_DIR; };
		41EC89A41A4DC085005A082E /* Info.plist */ = {isa = PBXFileReference; lastKnownFileType = text.plist.xml; path = Info.plist; sourceTree = "<group>"; };
		41EC89A51A4DC086005A082E /* main.m */ = {isa = PBXFileReference; lastKnownFileType = sourcecode.c.objc; path = main.m; sourceTree = "<group>"; };
		41EC89A71A4DC086005A082E /* AppDelegate.h */ = {isa = PBXFileReference; lastKnownFileType = sourcecode.c.h; path = AppDelegate.h; sourceTree = "<group>"; };
		41EC89A81A4DC086005A082E /* AppDelegate.m */ = {isa = PBXFileReference; lastKnownFileType = sourcecode.c.objc; path = AppDelegate.m; sourceTree = "<group>"; };
		41EC89AA1A4DC086005A082E /* ViewController.h */ = {isa = PBXFileReference; lastKnownFileType = sourcecode.c.h; path = ViewController.h; sourceTree = "<group>"; };
		41EC89AB1A4DC086005A082E /* ViewController.m */ = {isa = PBXFileReference; lastKnownFileType = sourcecode.c.objc; path = ViewController.m; sourceTree = "<group>"; };
		41EC89AE1A4DC087005A082E /* Base */ = {isa = PBXFileReference; lastKnownFileType = file.storyboard; name = Base; path = Base.lproj/Main.storyboard; sourceTree = "<group>"; };
		41EC89B01A4DC088005A082E /* Images.xcassets */ = {isa = PBXFileReference; lastKnownFileType = folder.assetcatalog; path = Images.xcassets; sourceTree = "<group>"; };
		41EC89B31A4DC088005A082E /* Base */ = {isa = PBXFileReference; lastKnownFileType = file.xib; name = Base; path = Base.lproj/LaunchScreen.xib; sourceTree = "<group>"; };
		41EC89B91A4DC088005A082E /* I-COSMETICSTests.xctest */ = {isa = PBXFileReference; explicitFileType = wrapper.cfbundle; includeInIndex = 0; path = "I-COSMETICSTests.xctest"; sourceTree = BUILT_PRODUCTS_DIR; };
		41EC89BE1A4DC089005A082E /* Info.plist */ = {isa = PBXFileReference; lastKnownFileType = text.plist.xml; path = Info.plist; sourceTree = "<group>"; };
		41EC89BF1A4DC089005A082E /* I_COSMETICSTests.m */ = {isa = PBXFileReference; lastKnownFileType = sourcecode.c.objc; path = I_COSMETICSTests.m; sourceTree = "<group>"; };
/* End PBXFileReference section */

/* Begin PBXFrameworksBuildPhase section */
		41EC899D1A4DC085005A082E /* Frameworks */ = {
			isa = PBXFrameworksBuildPhase;
			buildActionMask = 2147483647;
			files = (
			);
			runOnlyForDeploymentPostprocessing = 0;
		};
		41EC89B61A4DC088005A082E /* Frameworks */ = {
			isa = PBXFrameworksBuildPhase;
			buildActionMask = 2147483647;
			files = (
			);
			runOnlyForDeploymentPostprocessing = 0;
		};
/* End PBXFrameworksBuildPhase section */

/* Begin PBXGroup section */
		41EC89971A4DC084005A082E = {
			isa = PBXGroup;
			children = (
				41EC89A21A4DC085005A082E /* I-COSMETICS */,
				41EC89BC1A4DC088005A082E /* I-COSMETICSTests */,
				41EC89A11A4DC085005A082E /* Products */,
			);
			sourceTree = "<group>";
		};
		41EC89A11A4DC085005A082E /* Products */ = {
			isa = PBXGroup;
			children = (
				41EC89A01A4DC085005A082E /* I-COSMETICS.app */,
				41EC89B91A4DC088005A082E /* I-COSMETICSTests.xctest */,
			);
			name = Products;
			sourceTree = "<group>";
		};
		41EC89A21A4DC085005A082E /* I-COSMETICS */ = {
			isa = PBXGroup;
			children = (
				41EC89A71A4DC086005A082E /* AppDelegate.h */,
				41EC89A81A4DC086005A082E /* AppDelegate.m */,
				41EC89AA1A4DC086005A082E /* ViewController.h */,
				41EC89AB1A4DC086005A082E /* ViewController.m */,
				41EC89AD1A4DC087005A082E /* Main.storyboard */,
				41EC89B01A4DC088005A082E /* Images.xcassets */,
				41EC89B21A4DC088005A082E /* LaunchScreen.xib */,
				41EC89A31A4DC085005A082E /* Supporting Files */,
			);
			path = "I-COSMETICS";
			sourceTree = "<group>";
		};
		41EC89A31A4DC085005A082E /* Supporting Files */ = {
			isa = PBXGroup;
			children = (
				4192F95E1A4F04F5008C991E /* logo.png */,
				4192F95F1A4F04F5008C991E /* sfondo.png */,
				41EC89A41A4DC085005A082E /* Info.plist */,
				41EC89A51A4DC086005A082E /* main.m */,
			);
			name = "Supporting Files";
			sourceTree = "<group>";
		};
		41EC89BC1A4DC088005A082E /* I-COSMETICSTests */ = {
			isa = PBXGroup;
			children = (
				41EC89BF1A4DC089005A082E /* I_COSMETICSTests.m */,
				41EC89BD1A4DC089005A082E /* Supporting Files */,
			);
			path = "I-COSMETICSTests";
			sourceTree = "<group>";
		};
		41EC89BD1A4DC089005A082E /* Supporting Files */ = {
			isa = PBXGroup;
			children = (
				41EC89BE1A4DC089005A082E /* Info.plist */,
			);
			name = "Supporting Files";
			sourceTree = "<group>";
		};
/* End PBXGroup section */

/* Begin PBXNativeTarget section */
		41EC899F1A4DC085005A082E /* I-COSMETICS */ = {
			isa = PBXNativeTarget;
			buildConfigurationList = 41EC89C31A4DC089005A082E /* Build configuration list for PBXNativeTarget "I-COSMETICS" */;
			buildPhases = (
				41EC899C1A4DC085005A082E /* Sources */,
				41EC899D1A4DC085005A082E /* Frameworks */,
				41EC899E1A4DC085005A082E /* Resources */,
			);
			buildRules = (
			);
			dependencies = (
			);
			name = "I-COSMETICS";
			productName = "I-COSMETICS";
			productReference = 41EC89A01A4DC085005A082E /* I-COSMETICS.app */;
			productType = "com.apple.product-type.application";
		};
		41EC89B81A4DC088005A082E /* I-COSMETICSTests */ = {
			isa = PBXNativeTarget;
			buildConfigurationList = 41EC89C61A4DC089005A082E /* Build configuration list for PBXNativeTarget "I-COSMETICSTests" */;
			buildPhases = (
				41EC89B51A4DC088005A082E /* Sources */,
				41EC89B61A4DC088005A082E /* Frameworks */,
				41EC89B71A4DC088005A082E /* Resources */,
			);
			buildRules = (
			);
			dependencies = (
				41EC89BB1A4DC088005A082E /* PBXTargetDependency */,
			);
			name = "I-COSMETICSTests";
			productName = "I-COSMETICSTests";
			productReference = 41EC89B91A4DC088005A082E /* I-COSMETICSTests.xctest */;
			productType = "com.apple.product-type.bundle.unit-test";
		};
/* End PBXNativeTarget section */

/* Begin PBXProject section */
		41EC89981A4DC084005A082E /* Project object */ = {
			isa = PBXProject;
			attributes = {
				LastUpgradeCheck = 0610;
				ORGANIZATIONNAME = gianni;
				TargetAttributes = {
					41EC899F1A4DC085005A082E = {
						CreatedOnToolsVersion = 6.1.1;
					};
					41EC89B81A4DC088005A082E = {
						CreatedOnToolsVersion = 6.1.1;
						TestTargetID = 41EC899F1A4DC085005A082E;
					};
				};
			};
			buildConfigurationList = 41EC899B1A4DC084005A082E /* Build configuration list for PBXProject "I-COSMETICS" */;
			compatibilityVersion = "Xcode 3.2";
			developmentRegion = English;
			hasScannedForEncodings = 0;
			knownRegions = (
				en,
				Base,
			);
			mainGroup = 41EC89971A4DC084005A082E;
			productRefGroup = 41EC89A11A4DC085005A082E /* Products */;
			projectDirPath = "";
			projectRoot = "";
			targets = (
				41EC899F1A4DC085005A082E /* I-COSMETICS */,
				41EC89B81A4DC088005A082E /* I-COSMETICSTests */,
			);
		};
/* End PBXProject section */

/* Begin PBXResourcesBuildPhase section */
		41EC899E1A4DC085005A082E /* Resources */ = {
			isa = PBXResourcesBuildPhase;
			buildActionMask = 2147483647;
			files = (
				4192F9601A4F04F5008C991E /* logo.png in Resources */,
				41EC89AF1A4DC087005A082E /* Main.storyboard in Resources */,
				4192F9611A4F04F5008C991E /* sfondo.png in Resources */,
				41EC89B41A4DC088005A082E /* LaunchScreen.xib in Resources */,
				41EC89B11A4DC088005A082E /* Images.xcassets in Resources */,
			);
			runOnlyForDeploymentPostprocessing = 0;
		};
		41EC89B71A4DC088005A082E /* Resources */ = {
			isa = PBXResourcesBuildPhase;
			buildActionMask = 2147483647;
			files = (
			);
			runOnlyForDeploymentPostprocessing = 0;
		};
/* End PBXResourcesBuildPhase section */

/* Begin PBXSourcesBuildPhase section */
		41EC899C1A4DC085005A082E /* Sources */ = {
			isa = PBXSourcesBuildPhase;
			buildActionMask = 2147483647;
			files = (
				41EC89AC1A4DC086005A082E /* ViewController.m in Sources */,
				41EC89A91A4DC086005A082E /* AppDelegate.m in Sources */,
				41EC89A61A4DC086005A082E /* main.m in Sources */,
			);
			runOnlyForDeploymentPostprocessing = 0;
		};
		41EC89B51A4DC088005A082E /* Sources */ = {
			isa = PBXSourcesBuildPhase;
			buildActionMask = 2147483647;
			files = (
				41EC89C01A4DC089005A082E /* I_COSMETICSTests.m in Sources */,
			);
			runOnlyForDeploymentPostprocessing = 0;
		};
/* End PBXSourcesBuildPhase section */

/* Begin PBXTargetDependency section */
		41EC89BB1A4DC088005A082E /* PBXTargetDependency */ = {
			isa = PBXTargetDependency;
			target = 41EC899F1A4DC085005A082E /* I-COSMETICS */;
			targetProxy = 41EC89BA1A4DC088005A082E /* PBXContainerItemProxy */;
		};
/* End PBXTargetDependency section */

/* Begin PBXVariantGroup section */
		41EC89AD1A4DC087005A082E /* Main.storyboard */ = {
			isa = PBXVariantGroup;
			children = (
				41EC89AE1A4DC087005A082E /* Base */,
			);
			name = Main.storyboard;
			sourceTree = "<group>";
		};
		41EC89B21A4DC088005A082E /* LaunchScreen.xib */ = {
			isa = PBXVariantGroup;
			children = (
				41EC89B31A4DC088005A082E /* Base */,
			);
			name = LaunchScreen.xib;
			sourceTree = "<group>";
		};
/* End PBXVariantGroup section */

/* Begin XCBuildConfiguration section */
		41EC89C11A4DC089005A082E /* Debug */ = {
			isa = XCBuildConfiguration;
			buildSettings = {
				ALWAYS_SEARCH_USER_PATHS = NO;
				CLANG_CXX_LANGUAGE_STANDARD = "gnu++0x";
				CLANG_CXX_LIBRARY = "libc++";
				CLANG_ENABLE_MODULES = YES;
				CLANG_ENABLE_OBJC_ARC = YES;
				CLANG_WARN_BOOL_CONVERSION = YES;
				CLANG_WARN_CONSTANT_CONVERSION = YES;
				CLANG_WARN_DIRECT_OBJC_ISA_USAGE = YES_ERROR;
				CLANG_WARN_EMPTY_BODY = YES;
				CLANG_WARN_ENUM_CONVERSION = YES;
				CLANG_WARN_INT_CONVERSION = YES;
				CLANG_WARN_OBJC_ROOT_CLASS = YES_ERROR;
				CLANG_WARN_UNREACHABLE_CODE = YES;
				CLANG_WARN__DUPLICATE_METHOD_MATCH = YES;
				"CODE_SIGN_IDENTITY[sdk=iphoneos*]" = "iPhone Developer";
				COPY_PHASE_STRIP = NO;
				ENABLE_STRICT_OBJC_MSGSEND = YES;
				GCC_C_LANGUAGE_STANDARD = gnu99;
				GCC_DYNAMIC_NO_PIC = NO;
				GCC_OPTIMIZATION_LEVEL = 0;
				GCC_PREPROCESSOR_DEFINITIONS = (
					"DEBUG=1",
					"$(inherited)",
				);
				GCC_SYMBOLS_PRIVATE_EXTERN = NO;
				GCC_WARN_64_TO_32_BIT_CONVERSION = YES;
				GCC_WARN_ABOUT_RETURN_TYPE = YES_ERROR;
				GCC_WARN_UNDECLARED_SELECTOR = YES;
				GCC_WARN_UNINITIALIZED_AUTOS = YES_AGGRESSIVE;
				GCC_WARN_UNUSED_FUNCTION = YES;
				GCC_WARN_UNUSED_VARIABLE = YES;
				IPHONEOS_DEPLOYMENT_TARGET = 8.1;
				MTL_ENABLE_DEBUG_INFO = YES;
				ONLY_ACTIVE_ARCH = YES;
				SDKROOT = iphoneos;
			};
			name = Debug;
		};
		41EC89C21A4DC089005A082E /* Release */ = {
			isa = XCBuildConfiguration;
			buildSettings = {
				ALWAYS_SEARCH_USER_PATHS = NO;
				CLANG_CXX_LANGUAGE_STANDARD = "gnu++0x";
				CLANG_CXX_LIBRARY = "libc++";
				CLANG_ENABLE_MODULES = YES;
				CLANG_ENABLE_OBJC_ARC = YES;
				CLANG_WARN_BOOL_CONVERSION = YES;
				CLANG_WARN_CONSTANT_CONVERSION = YES;
				CLANG_WARN_DIRECT_OBJC_ISA_USAGE = YES_ERROR;
				CLANG_WARN_EMPTY_BODY = YES;
				CLANG_WARN_ENUM_CONVERSION = YES;
				CLANG_WARN_INT_CONVERSION = YES;
				CLANG_WARN_OBJC_ROOT_CLASS = YES_ERROR;
				CLANG_WARN_UNREACHABLE_CODE = YES;
				CLANG_WARN__DUPLICATE_METHOD_MATCH = YES;
				"CODE_SIGN_IDENTITY[sdk=iphoneos*]" = "iPhone Developer";
				COPY_PHASE_STRIP = YES;
				ENABLE_NS_ASSERTIONS = NO;
				ENABLE_STRICT_OBJC_MSGSEND = YES;
				GCC_C_LANGUAGE_STANDARD = gnu99;
				GCC_WARN_64_TO_32_BIT_CONVERSION = YES;
				GCC_WARN_ABOUT_RETURN_TYPE = YES_ERROR;
				GCC_WARN_UNDECLARED_SELECTOR = YES;
				GCC_WARN_UNINITIALIZED_AUTOS = YES_AGGRESSIVE;
				GCC_WARN_UNUSED_FUNCTION = YES;
				GCC_WARN_UNUSED_VARIABLE = YES;
				IPHONEOS_DEPLOYMENT_TARGET = 8.1;
				MTL_ENABLE_DEBUG_INFO = NO;
				SDKROOT = iphoneos;
				VALIDATE_PRODUCT = YES;
			};
			name = Release;
		};
		41EC89C41A4DC089005A082E /* Debug */ = {
			isa = XCBuildConfiguration;
			buildSettings = {
				ASSETCATALOG_COMPILER_APPICON_NAME = AppIcon;
				ASSETCATALOG_COMPILER_LAUNCHIMAGE_NAME = LaunchImage;
				INFOPLIST_FILE = "I-COSMETICS/Info.plist";
				IPHONEOS_DEPLOYMENT_TARGET = 7.0;
				LD_RUNPATH_SEARCH_PATHS = "$(inherited) @executable_path/Frameworks";
				PRODUCT_NAME = "$(TARGET_NAME)";
			};
			name = Debug;
		};
		41EC89C51A4DC089005A082E /* Release */ = {
			isa = XCBuildConfiguration;
			buildSettings = {
				ASSETCATALOG_COMPILER_APPICON_NAME = AppIcon;
				ASSETCATALOG_COMPILER_LAUNCHIMAGE_NAME = LaunchImage;
				INFOPLIST_FILE = "I-COSMETICS/Info.plist";
				IPHONEOS_DEPLOYMENT_TARGET = 7.0;
				LD_RUNPATH_SEARCH_PATHS = "$(inherited) @executable_path/Frameworks";
				PRODUCT_NAME = "$(TARGET_NAME)";
			};
			name = Release;
		};
		41EC89C71A4DC089005A082E /* Debug */ = {
			isa = XCBuildConfiguration;
			buildSettings = {
				BUNDLE_LOADER = "$(TEST_HOST)";
				FRAMEWORK_SEARCH_PATHS = (
					"$(SDKROOT)/Developer/Library/Frameworks",
					"$(inherited)",
				);
				GCC_PREPROCESSOR_DEFINITIONS = (
					"DEBUG=1",
					"$(inherited)",
				);
				INFOPLIST_FILE = "I-COSMETICSTests/Info.plist";
				LD_RUNPATH_SEARCH_PATHS = "$(inherited) @executable_path/Frameworks @loader_path/Frameworks";
				PRODUCT_NAME = "$(TARGET_NAME)";
				TEST_HOST = "$(BUILT_PRODUCTS_DIR)/I-COSMETICS.app/I-COSMETICS";
			};
			name = Debug;
		};
		41EC89C81A4DC089005A082E /* Release */ = {
			isa = XCBuildConfiguration;
			buildSettings = {
				BUNDLE_LOADER = "$(TEST_HOST)";
				FRAMEWORK_SEARCH_PATHS = (
					"$(SDKROOT)/Developer/Library/Frameworks",
					"$(inherited)",
				);
				INFOPLIST_FILE = "I-COSMETICSTests/Info.plist";
				LD_RUNPATH_SEARCH_PATHS = "$(inherited) @executable_path/Frameworks @loader_path/Frameworks";
				PRODUCT_NAME = "$(TARGET_NAME)";
				TEST_HOST = "$(BUILT_PRODUCTS_DIR)/I-COSMETICS.app/I-COSMETICS";
			};
			name = Release;
		};
/* End XCBuildConfiguration section */

/* Begin XCConfigurationList section */
		41EC899B1A4DC084005A082E /* Build configuration list for PBXProject "I-COSMETICS" */ = {
			isa = XCConfigurationList;
			buildConfigurations = (
				41EC89C11A4DC089005A082E /* Debug */,
				41EC89C21A4DC089005A082E /* Release */,
			);
			defaultConfigurationIsVisible = 0;
			defaultConfigurationName = Release;
		};
		41EC89C31A4DC089005A082E /* Build configuration list for PBXNativeTarget "I-COSMETICS" */ = {
			isa = XCConfigurationList;
			buildConfigurations = (
				41EC89C41A4DC089005A082E /* Debug */,
				41EC89C51A4DC089005A082E /* Release */,
			);
			defaultConfigurationIsVisible = 0;
			defaultConfigurationName = Release;
		};
		41EC89C61A4DC089005A082E /* Build configuration list for PBXNativeTarget "I-COSMETICSTests" */ = {
			isa = XCConfigurationList;
			buildConfigurations = (
				41EC89C71A4DC089005A082E /* Debug */,
				41EC89C81A4DC089005A082E /* Release */,
			);
			defaultConfigurationIsVisible = 0;
			defaultConfigurationName = Release;
		};
/* End XCConfigurationList section */
	};
	rootObject = 41EC89981A4DC084005A082E /* Project object */;
}
